// !$*UTF8*$!
{
	archiveVersion = 1;
	classes = {
	};
	objectVersion = 55;
	objects = {

/* Begin PBXBuildFile section */
		AB012BAD27BDDFBF004FA199 /* PictureCell.swift in Sources */ = {isa = PBXBuildFile; fileRef = AB012BAC27BDDFBF004FA199 /* PictureCell.swift */; };
		AB012BAF27BDF3FB004FA199 /* NameCell.swift in Sources */ = {isa = PBXBuildFile; fileRef = AB012BAE27BDF3FB004FA199 /* NameCell.swift */; };
		AB012BB127BE2313004FA199 /* NumberCell.swift in Sources */ = {isa = PBXBuildFile; fileRef = AB012BB027BE2313004FA199 /* NumberCell.swift */; };
		AB7CB0E827BC63FB000C0586 /* AppDelegate.swift in Sources */ = {isa = PBXBuildFile; fileRef = AB7CB0E727BC63FB000C0586 /* AppDelegate.swift */; };
		AB7CB0EA27BC63FB000C0586 /* SceneDelegate.swift in Sources */ = {isa = PBXBuildFile; fileRef = AB7CB0E927BC63FB000C0586 /* SceneDelegate.swift */; };
		AB7CB0EC27BC63FB000C0586 /* ViewController.swift in Sources */ = {isa = PBXBuildFile; fileRef = AB7CB0EB27BC63FB000C0586 /* ViewController.swift */; };
		AB7CB0EF27BC63FB000C0586 /* Main.storyboard in Resources */ = {isa = PBXBuildFile; fileRef = AB7CB0ED27BC63FB000C0586 /* Main.storyboard */; };
		AB7CB0F127BC63FC000C0586 /* Assets.xcassets in Resources */ = {isa = PBXBuildFile; fileRef = AB7CB0F027BC63FC000C0586 /* Assets.xcassets */; };
		AB7CB0F427BC63FC000C0586 /* LaunchScreen.storyboard in Resources */ = {isa = PBXBuildFile; fileRef = AB7CB0F227BC63FC000C0586 /* LaunchScreen.storyboard */; };
		AB925C5427BD985300573FFC /* FillingViewController.swift in Sources */ = {isa = PBXBuildFile; fileRef = AB925C5327BD985300573FFC /* FillingViewController.swift */; };
		AB925C5627BDAD8B00573FFC /* CameraCell.swift in Sources */ = {isa = PBXBuildFile; fileRef = AB925C5527BDAD8B00573FFC /* CameraCell.swift */; };
		AB98CF9527BC97AA0078E0FF /* CustomCell.swift in Sources */ = {isa = PBXBuildFile; fileRef = AB98CF9427BC97AA0078E0FF /* CustomCell.swift */; };
		AB98CF9827BC99BF0078E0FF /* Utility.swift in Sources */ = {isa = PBXBuildFile; fileRef = AB98CF9727BC99BF0078E0FF /* Utility.swift */; };
/* End PBXBuildFile section */

/* Begin PBXFileReference section */
		AB012BAC27BDDFBF004FA199 /* PictureCell.swift */ = {isa = PBXFileReference; lastKnownFileType = sourcecode.swift; path = PictureCell.swift; sourceTree = "<group>"; };
		AB012BAE27BDF3FB004FA199 /* NameCell.swift */ = {isa = PBXFileReference; lastKnownFileType = sourcecode.swift; path = NameCell.swift; sourceTree = "<group>"; };
		AB012BB027BE2313004FA199 /* NumberCell.swift */ = {isa = PBXFileReference; lastKnownFileType = sourcecode.swift; path = NumberCell.swift; sourceTree = "<group>"; };
		AB7CB0E427BC63FB000C0586 /* iOSTest.app */ = {isa = PBXFileReference; explicitFileType = wrapper.application; includeInIndex = 0; path = iOSTest.app; sourceTree = BUILT_PRODUCTS_DIR; };
		AB7CB0E727BC63FB000C0586 /* AppDelegate.swift */ = {isa = PBXFileReference; lastKnownFileType = sourcecode.swift; path = AppDelegate.swift; sourceTree = "<group>"; };
		AB7CB0E927BC63FB000C0586 /* SceneDelegate.swift */ = {isa = PBXFileReference; lastKnownFileType = sourcecode.swift; path = SceneDelegate.swift; sourceTree = "<group>"; };
		AB7CB0EB27BC63FB000C0586 /* ViewController.swift */ = {isa = PBXFileReference; lastKnownFileType = sourcecode.swift; path = ViewController.swift; sourceTree = "<group>"; };
		AB7CB0EE27BC63FB000C0586 /* Base */ = {isa = PBXFileReference; lastKnownFileType = file.storyboard; name = Base; path = Base.lproj/Main.storyboard; sourceTree = "<group>"; };
		AB7CB0F027BC63FC000C0586 /* Assets.xcassets */ = {isa = PBXFileReference; lastKnownFileType = folder.assetcatalog; path = Assets.xcassets; sourceTree = "<group>"; };
		AB7CB0F327BC63FC000C0586 /* Base */ = {isa = PBXFileReference; lastKnownFileType = file.storyboard; name = Base; path = Base.lproj/LaunchScreen.storyboard; sourceTree = "<group>"; };
		AB7CB0F527BC63FC000C0586 /* Info.plist */ = {isa = PBXFileReference; lastKnownFileType = text.plist.xml; path = Info.plist; sourceTree = "<group>"; };
		AB925C5327BD985300573FFC /* FillingViewController.swift */ = {isa = PBXFileReference; lastKnownFileType = sourcecode.swift; path = FillingViewController.swift; sourceTree = "<group>"; };
		AB925C5527BDAD8B00573FFC /* CameraCell.swift */ = {isa = PBXFileReference; lastKnownFileType = sourcecode.swift; path = CameraCell.swift; sourceTree = "<group>"; };
		AB98CF9427BC97AA0078E0FF /* CustomCell.swift */ = {isa = PBXFileReference; lastKnownFileType = sourcecode.swift; path = CustomCell.swift; sourceTree = "<group>"; };
		AB98CF9727BC99BF0078E0FF /* Utility.swift */ = {isa = PBXFileReference; lastKnownFileType = sourcecode.swift; path = Utility.swift; sourceTree = "<group>"; };
/* End PBXFileReference section */

/* Begin PBXFrameworksBuildPhase section */
		AB7CB0E127BC63FB000C0586 /* Frameworks */ = {
			isa = PBXFrameworksBuildPhase;
			buildActionMask = 2147483647;
			files = (
			);
			runOnlyForDeploymentPostprocessing = 0;
		};
/* End PBXFrameworksBuildPhase section */

/* Begin PBXGroup section */
		AB7CB0DB27BC63FB000C0586 = {
			isa = PBXGroup;
			children = (
				AB7CB0E627BC63FB000C0586 /* iOSTest */,
				AB7CB0E527BC63FB000C0586 /* Products */,
			);
			sourceTree = "<group>";
		};
		AB7CB0E527BC63FB000C0586 /* Products */ = {
			isa = PBXGroup;
			children = (
				AB7CB0E427BC63FB000C0586 /* iOSTest.app */,
			);
			name = Products;
			sourceTree = "<group>";
		};
		AB7CB0E627BC63FB000C0586 /* iOSTest */ = {
			isa = PBXGroup;
			children = (
				AB98CF9627BC98740078E0FF /* View */,
				AB7EA9A827BCE19E00D3F47A /* Controller */,
				AB98CF9927BC9A5A0078E0FF /* Misc */,
				AB7CB0ED27BC63FB000C0586 /* Main.storyboard */,
				AB7CB0F027BC63FC000C0586 /* Assets.xcassets */,
				AB7CB0F227BC63FC000C0586 /* LaunchScreen.storyboard */,
				AB7CB0F527BC63FC000C0586 /* Info.plist */,
			);
			path = iOSTest;
			sourceTree = "<group>";
		};
		AB7EA9A827BCE19E00D3F47A /* Controller */ = {
			isa = PBXGroup;
			children = (
				AB7CB0EB27BC63FB000C0586 /* ViewController.swift */,
				AB925C5327BD985300573FFC /* FillingViewController.swift */,
			);
			path = Controller;
			sourceTree = "<group>";
		};
		AB98CF9627BC98740078E0FF /* View */ = {
			isa = PBXGroup;
			children = (
				AB98CF9427BC97AA0078E0FF /* CustomCell.swift */,
				AB925C5527BDAD8B00573FFC /* CameraCell.swift */,
				AB012BAC27BDDFBF004FA199 /* PictureCell.swift */,
				AB012BAE27BDF3FB004FA199 /* NameCell.swift */,
				AB012BB027BE2313004FA199 /* NumberCell.swift */,
			);
			path = View;
			sourceTree = "<group>";
		};
		AB98CF9927BC9A5A0078E0FF /* Misc */ = {
			isa = PBXGroup;
			children = (
				AB7CB0E927BC63FB000C0586 /* SceneDelegate.swift */,
				AB7CB0E727BC63FB000C0586 /* AppDelegate.swift */,
				AB98CF9727BC99BF0078E0FF /* Utility.swift */,
			);
			path = Misc;
			sourceTree = "<group>";
		};
/* End PBXGroup section */

/* Begin PBXNativeTarget section */
		AB7CB0E327BC63FB000C0586 /* iOSTest */ = {
			isa = PBXNativeTarget;
			buildConfigurationList = AB7CB0F827BC63FC000C0586 /* Build configuration list for PBXNativeTarget "iOSTest" */;
			buildPhases = (
				AB7CB0E027BC63FB000C0586 /* Sources */,
				AB7CB0E127BC63FB000C0586 /* Frameworks */,
				AB7CB0E227BC63FB000C0586 /* Resources */,
			);
			buildRules = (
			);
			dependencies = (
			);
			name = iOSTest;
			productName = iOSTest;
			productReference = AB7CB0E427BC63FB000C0586 /* iOSTest.app */;
			productType = "com.apple.product-type.application";
		};
/* End PBXNativeTarget section */

/* Begin PBXProject section */
		AB7CB0DC27BC63FB000C0586 /* Project object */ = {
			isa = PBXProject;
			attributes = {
				BuildIndependentTargetsInParallel = 1;
				LastSwiftUpdateCheck = 1320;
				LastUpgradeCheck = 1320;
				TargetAttributes = {
					AB7CB0E327BC63FB000C0586 = {
						CreatedOnToolsVersion = 13.2.1;
					};
				};
			};
			buildConfigurationList = AB7CB0DF27BC63FB000C0586 /* Build configuration list for PBXProject "iOSTest" */;
			compatibilityVersion = "Xcode 13.0";
			developmentRegion = en;
			hasScannedForEncodings = 0;
			knownRegions = (
				en,
				Base,
			);
			mainGroup = AB7CB0DB27BC63FB000C0586;
			productRefGroup = AB7CB0E527BC63FB000C0586 /* Products */;
			projectDirPath = "";
			projectRoot = "";
			targets = (
				AB7CB0E327BC63FB000C0586 /* iOSTest */,
			);
		};
/* End PBXProject section */

/* Begin PBXResourcesBuildPhase section */
		AB7CB0E227BC63FB000C0586 /* Resources */ = {
			isa = PBXResourcesBuildPhase;
			buildActionMask = 2147483647;
			files = (
				AB7CB0F427BC63FC000C0586 /* LaunchScreen.storyboard in Resources */,
				AB7CB0F127BC63FC000C0586 /* Assets.xcassets in Resources */,
				AB7CB0EF27BC63FB000C0586 /* Main.storyboard in Resources */,
			);
			runOnlyForDeploymentPostprocessing = 0;
		};
/* End PBXResourcesBuildPhase section */

/* Begin PBXSourcesBuildPhase section */
		AB7CB0E027BC63FB000C0586 /* Sources */ = {
			isa = PBXSourcesBuildPhase;
			buildActionMask = 2147483647;
			files = (
				AB012BAF27BDF3FB004FA199 /* NameCell.swift in Sources */,
				AB012BAD27BDDFBF004FA199 /* PictureCell.swift in Sources */,
				AB7CB0EC27BC63FB000C0586 /* ViewController.swift in Sources */,
				AB925C5627BDAD8B00573FFC /* CameraCell.swift in Sources */,
				AB012BB127BE2313004FA199 /* NumberCell.swift in Sources */,
				AB98CF9827BC99BF0078E0FF /* Utility.swift in Sources */,
				AB925C5427BD985300573FFC /* FillingViewController.swift in Sources */,
				AB98CF9527BC97AA0078E0FF /* CustomCell.swift in Sources */,
				AB7CB0E827BC63FB000C0586 /* AppDelegate.swift in Sources */,
				AB7CB0EA27BC63FB000C0586 /* SceneDelegate.swift in Sources */,
			);
			runOnlyForDeploymentPostprocessing = 0;
		};
/* End PBXSourcesBuildPhase section */

/* Begin PBXVariantGroup section */
		AB7CB0ED27BC63FB000C0586 /* Main.storyboard */ = {
			isa = PBXVariantGroup;
			children = (
				AB7CB0EE27BC63FB000C0586 /* Base */,
			);
			name = Main.storyboard;
			sourceTree = "<group>";
		};
		AB7CB0F227BC63FC000C0586 /* LaunchScreen.storyboard */ = {
			isa = PBXVariantGroup;
			children = (
				AB7CB0F327BC63FC000C0586 /* Base */,
			);
			name = LaunchScreen.storyboard;
			sourceTree = "<group>";
		};
/* End PBXVariantGroup section */

/* Begin XCBuildConfiguration section */
		AB7CB0F627BC63FC000C0586 /* Debug */ = {
			isa = XCBuildConfiguration;
			buildSettings = {
				ALWAYS_SEARCH_USER_PATHS = NO;
				CLANG_ANALYZER_NONNULL = YES;
				CLANG_ANALYZER_NUMBER_OBJECT_CONVERSION = YES_AGGRESSIVE;
				CLANG_CXX_LANGUAGE_STANDARD = "gnu++17";
				CLANG_CXX_LIBRARY = "libc++";
				CLANG_ENABLE_MODULES = YES;
				CLANG_ENABLE_OBJC_ARC = YES;
				CLANG_ENABLE_OBJC_WEAK = YES;
				CLANG_WARN_BLOCK_CAPTURE_AUTORELEASING = YES;
				CLANG_WARN_BOOL_CONVERSION = YES;
				CLANG_WARN_COMMA = YES;
				CLANG_WARN_CONSTANT_CONVERSION = YES;
				CLANG_WARN_DEPRECATED_OBJC_IMPLEMENTATIONS = YES;
				CLANG_WARN_DIRECT_OBJC_ISA_USAGE = YES_ERROR;
				CLANG_WARN_DOCUMENTATION_COMMENTS = YES;
				CLANG_WARN_EMPTY_BODY = YES;
				CLANG_WARN_ENUM_CONVERSION = YES;
				CLANG_WARN_INFINITE_RECURSION = YES;
				CLANG_WARN_INT_CONVERSION = YES;
				CLANG_WARN_NON_LITERAL_NULL_CONVERSION = YES;
				CLANG_WARN_OBJC_IMPLICIT_RETAIN_SELF = YES;
				CLANG_WARN_OBJC_LITERAL_CONVERSION = YES;
				CLANG_WARN_OBJC_ROOT_CLASS = YES_ERROR;
				CLANG_WARN_QUOTED_INCLUDE_IN_FRAMEWORK_HEADER = YES;
				CLANG_WARN_RANGE_LOOP_ANALYSIS = YES;
				CLANG_WARN_STRICT_PROTOTYPES = YES;
				CLANG_WARN_SUSPICIOUS_MOVE = YES;
				CLANG_WARN_UNGUARDED_AVAILABILITY = YES_AGGRESSIVE;
				CLANG_WARN_UNREACHABLE_CODE = YES;
				CLANG_WARN__DUPLICATE_METHOD_MATCH = YES;
				COPY_PHASE_STRIP = NO;
				DEBUG_INFORMATION_FORMAT = dwarf;
				ENABLE_STRICT_OBJC_MSGSEND = YES;
				ENABLE_TESTABILITY = YES;
				GCC_C_LANGUAGE_STANDARD = gnu11;
				GCC_DYNAMIC_NO_PIC = NO;
				GCC_NO_COMMON_BLOCKS = YES;
				GCC_OPTIMIZATION_LEVEL = 0;
				GCC_PREPROCESSOR_DEFINITIONS = (
					"DEBUG=1",
					"$(inherited)",
				);
				GCC_WARN_64_TO_32_BIT_CONVERSION = YES;
				GCC_WARN_ABOUT_RETURN_TYPE = YES_ERROR;
				GCC_WARN_UNDECLARED_SELECTOR = YES;
				GCC_WARN_UNINITIALIZED_AUTOS = YES_AGGRESSIVE;
				GCC_WARN_UNUSED_FUNCTION = YES;
				GCC_WARN_UNUSED_VARIABLE = YES;
				IPHONEOS_DEPLOYMENT_TARGET = 15.2;
				MTL_ENABLE_DEBUG_INFO = INCLUDE_SOURCE;
				MTL_FAST_MATH = YES;
				ONLY_ACTIVE_ARCH = YES;
				SDKROOT = iphoneos;
				SWIFT_ACTIVE_COMPILATION_CONDITIONS = DEBUG;
				SWIFT_OPTIMIZATION_LEVEL = "-Onone";
			};
			name = Debug;
		};
		AB7CB0F727BC63FC000C0586 /* Release */ = {
			isa = XCBuildConfiguration;
			buildSettings = {
				ALWAYS_SEARCH_USER_PATHS = NO;
				CLANG_ANALYZER_NONNULL = YES;
				CLANG_ANALYZER_NUMBER_OBJECT_CONVERSION = YES_AGGRESSIVE;
				CLANG_CXX_LANGUAGE_STANDARD = "gnu++17";
				CLANG_CXX_LIBRARY = "libc++";
				CLANG_ENABLE_MODULES = YES;
				CLANG_ENABLE_OBJC_ARC = YES;
				CLANG_ENABLE_OBJC_WEAK = YES;
				CLANG_WARN_BLOCK_CAPTURE_AUTORELEASING = YES;
				CLANG_WARN_BOOL_CONVERSION = YES;
				CLANG_WARN_COMMA = YES;
				CLANG_WARN_CONSTANT_CONVERSION = YES;
				CLANG_WARN_DEPRECATED_OBJC_IMPLEMENTATIONS = YES;
				CLANG_WARN_DIRECT_OBJC_ISA_USAGE = YES_ERROR;
				CLANG_WARN_DOCUMENTATION_COMMENTS = YES;
				CLANG_WARN_EMPTY_BODY = YES;
				CLANG_WARN_ENUM_CONVERSION = YES;
				CLANG_WARN_INFINITE_RECURSION = YES;
				CLANG_WARN_INT_CONVERSION = YES;
				CLANG_WARN_NON_LITERAL_NULL_CONVERSION = YES;
				CLANG_WARN_OBJC_IMPLICIT_RETAIN_SELF = YES;
				CLANG_WARN_OBJC_LITERAL_CONVERSION = YES;
				CLANG_WARN_OBJC_ROOT_CLASS = YES_ERROR;
				CLANG_WARN_QUOTED_INCLUDE_IN_FRAMEWORK_HEADER = YES;
				CLANG_WARN_RANGE_LOOP_ANALYSIS = YES;
				CLANG_WARN_STRICT_PROTOTYPES = YES;
				CLANG_WARN_SUSPICIOUS_MOVE = YES;
				CLANG_WARN_UNGUARDED_AVAILABILITY = YES_AGGRESSIVE;
				CLANG_WARN_UNREACHABLE_CODE = YES;
				CLANG_WARN__DUPLICATE_METHOD_MATCH = YES;
				COPY_PHASE_STRIP = NO;
				DEBUG_INFORMATION_FORMAT = "dwarf-with-dsym";
				ENABLE_NS_ASSERTIONS = NO;
				ENABLE_STRICT_OBJC_MSGSEND = YES;
				GCC_C_LANGUAGE_STANDARD = gnu11;
				GCC_NO_COMMON_BLOCKS = YES;
				GCC_WARN_64_TO_32_BIT_CONVERSION = YES;
				GCC_WARN_ABOUT_RETURN_TYPE = YES_ERROR;
				GCC_WARN_UNDECLARED_SELECTOR = YES;
				GCC_WARN_UNINITIALIZED_AUTOS = YES_AGGRESSIVE;
				GCC_WARN_UNUSED_FUNCTION = YES;
				GCC_WARN_UNUSED_VARIABLE = YES;
				IPHONEOS_DEPLOYMENT_TARGET = 15.2;
				MTL_ENABLE_DEBUG_INFO = NO;
				MTL_FAST_MATH = YES;
				SDKROOT = iphoneos;
				SWIFT_COMPILATION_MODE = wholemodule;
				SWIFT_OPTIMIZATION_LEVEL = "-O";
				VALIDATE_PRODUCT = YES;
			};
			name = Release;
		};
		AB7CB0F927BC63FC000C0586 /* Debug */ = {
			isa = XCBuildConfiguration;
			buildSettings = {
				ASSETCATALOG_COMPILER_APPICON_NAME = AppIcon;
				ASSETCATALOG_COMPILER_GLOBAL_ACCENT_COLOR_NAME = AccentColor;
				CODE_SIGN_IDENTITY = "Apple Development";
				CODE_SIGN_STYLE = Automatic;
				CURRENT_PROJECT_VERSION = 1;
				DEVELOPMENT_TEAM = 6HA43JU97A;
				GENERATE_INFOPLIST_FILE = YES;
				INFOPLIST_FILE = iOSTest/Info.plist;
				INFOPLIST_KEY_NSCameraUsageDescription = "We need access to your camera for adding a picture.";
				INFOPLIST_KEY_UIApplicationSupportsIndirectInputEvents = YES;
				INFOPLIST_KEY_UILaunchStoryboardName = LaunchScreen;
				INFOPLIST_KEY_UIMainStoryboardFile = Main;
				INFOPLIST_KEY_UISupportedInterfaceOrientations_iPad = "UIInterfaceOrientationPortrait UIInterfaceOrientationPortraitUpsideDown UIInterfaceOrientationLandscapeLeft UIInterfaceOrientationLandscapeRight";
				INFOPLIST_KEY_UISupportedInterfaceOrientations_iPhone = "UIInterfaceOrientationPortrait UIInterfaceOrientationLandscapeLeft UIInterfaceOrientationLandscapeRight";
				IPHONEOS_DEPLOYMENT_TARGET = 13.0;
				LD_RUNPATH_SEARCH_PATHS = (
					"$(inherited)",
					"@executable_path/Frameworks",
				);
				MARKETING_VERSION = 1.0;
				PRODUCT_BUNDLE_IDENTIFIER = "com.example.iOSTest-gs";
				PRODUCT_NAME = "$(TARGET_NAME)";
				PROVISIONING_PROFILE_SPECIFIER = "";
				SWIFT_EMIT_LOC_STRINGS = YES;
				SWIFT_VERSION = 5.0;
				TARGETED_DEVICE_FAMILY = "1,2";
			};
			name = Debug;
		};
		AB7CB0FA27BC63FC000C0586 /* Release */ = {
			isa = XCBuildConfiguration;
			buildSettings = {
				ASSETCATALOG_COMPILER_APPICON_NAME = AppIcon;
				ASSETCATALOG_COMPILER_GLOBAL_ACCENT_COLOR_NAME = AccentColor;
				CODE_SIGN_STYLE = Automatic;
				CURRENT_PROJECT_VERSION = 1;
				DEVELOPMENT_TEAM = 6HA43JU97A;
				GENERATE_INFOPLIST_FILE = YES;
				INFOPLIST_FILE = iOSTest/Info.plist;
				INFOPLIST_KEY_NSCameraUsageDescription = "We need access to your camera for adding a picture.";
				INFOPLIST_KEY_UIApplicationSupportsIndirectInputEvents = YES;
				INFOPLIST_KEY_UILaunchStoryboardName = LaunchScreen;
				INFOPLIST_KEY_UIMainStoryboardFile = Main;
				INFOPLIST_KEY_UISupportedInterfaceOrientations_iPad = "UIInterfaceOrientationPortrait UIInterfaceOrientationPortraitUpsideDown UIInterfaceOrientationLandscapeLeft UIInterfaceOrientationLandscapeRight";
				INFOPLIST_KEY_UISupportedInterfaceOrientations_iPhone = "UIInterfaceOrientationPortrait UIInterfaceOrientationLandscapeLeft UIInterfaceOrientationLandscapeRight";
				IPHONEOS_DEPLOYMENT_TARGET = 13.0;
				LD_RUNPATH_SEARCH_PATHS = (
					"$(inherited)",
					"@executable_path/Frameworks",
				);
				MARKETING_VERSION = 1.0;
				PRODUCT_BUNDLE_IDENTIFIER = com.example.iOSTest;
				PRODUCT_NAME = "$(TARGET_NAME)";
				SWIFT_EMIT_LOC_STRINGS = YES;
				SWIFT_VERSION = 5.0;
				TARGETED_DEVICE_FAMILY = "1,2";
			};
			name = Release;
		};
/* End XCBuildConfiguration section */

/* Begin XCConfigurationList section */
		AB7CB0DF27BC63FB000C0586 /* Build configuration list for PBXProject "iOSTest" */ = {
			isa = XCConfigurationList;
			buildConfigurations = (
				AB7CB0F627BC63FC000C0586 /* Debug */,
				AB7CB0F727BC63FC000C0586 /* Release */,
			);
			defaultConfigurationIsVisible = 0;
			defaultConfigurationName = Release;
		};
		AB7CB0F827BC63FC000C0586 /* Build configuration list for PBXNativeTarget "iOSTest" */ = {
			isa = XCConfigurationList;
			buildConfigurations = (
				AB7CB0F927BC63FC000C0586 /* Debug */,
				AB7CB0FA27BC63FC000C0586 /* Release */,
			);
			defaultConfigurationIsVisible = 0;
			defaultConfigurationName = Release;
		};
/* End XCConfigurationList section */
	};
	rootObject = AB7CB0DC27BC63FB000C0586 /* Project object */;
}
